// !$*UTF8*$!
{
	archiveVersion = 1;
	classes = {
	};
	objectVersion = 50;
	objects = {

/* Begin PBXBuildFile section */
		132378E826DAE618002DDF30 /* AppDelegate.swift in Sources */ = {isa = PBXBuildFile; fileRef = 132378E726DAE618002DDF30 /* AppDelegate.swift */; };
		132378EA26DAE618002DDF30 /* SceneDelegate.swift in Sources */ = {isa = PBXBuildFile; fileRef = 132378E926DAE618002DDF30 /* SceneDelegate.swift */; };
		132378EC26DAE618002DDF30 /* ListaContatosViewController.swift in Sources */ = {isa = PBXBuildFile; fileRef = 132378EB26DAE618002DDF30 /* ListaContatosViewController.swift */; };
		132378EF26DAE618002DDF30 /* Main.storyboard in Resources */ = {isa = PBXBuildFile; fileRef = 132378ED26DAE618002DDF30 /* Main.storyboard */; };
		132378F126DAE61C002DDF30 /* Assets.xcassets in Resources */ = {isa = PBXBuildFile; fileRef = 132378F026DAE61C002DDF30 /* Assets.xcassets */; };
		132378F426DAE61C002DDF30 /* LaunchScreen.storyboard in Resources */ = {isa = PBXBuildFile; fileRef = 132378F226DAE61C002DDF30 /* LaunchScreen.storyboard */; };
		132378FE26DAF4EB002DDF30 /* TableViewCell.swift in Sources */ = {isa = PBXBuildFile; fileRef = 132378FC26DAF4EB002DDF30 /* TableViewCell.swift */; };
		132378FF26DAF4EB002DDF30 /* TableViewCell.xib in Resources */ = {isa = PBXBuildFile; fileRef = 132378FD26DAF4EB002DDF30 /* TableViewCell.xib */; };
/* End PBXBuildFile section */

/* Begin PBXFileReference section */
		132378E426DAE618002DDF30 /* ListaDeContatos.app */ = {isa = PBXFileReference; explicitFileType = wrapper.application; includeInIndex = 0; path = ListaDeContatos.app; sourceTree = BUILT_PRODUCTS_DIR; };
		132378E726DAE618002DDF30 /* AppDelegate.swift */ = {isa = PBXFileReference; lastKnownFileType = sourcecode.swift; path = AppDelegate.swift; sourceTree = "<group>"; };
		132378E926DAE618002DDF30 /* SceneDelegate.swift */ = {isa = PBXFileReference; lastKnownFileType = sourcecode.swift; path = SceneDelegate.swift; sourceTree = "<group>"; };
		132378EB26DAE618002DDF30 /* ListaContatosViewController.swift */ = {isa = PBXFileReference; lastKnownFileType = sourcecode.swift; path = ListaContatosViewController.swift; sourceTree = "<group>"; };
		132378EE26DAE618002DDF30 /* Base */ = {isa = PBXFileReference; lastKnownFileType = file.storyboard; name = Base; path = Base.lproj/Main.storyboard; sourceTree = "<group>"; };
		132378F026DAE61C002DDF30 /* Assets.xcassets */ = {isa = PBXFileReference; lastKnownFileType = folder.assetcatalog; path = Assets.xcassets; sourceTree = "<group>"; };
		132378F326DAE61C002DDF30 /* Base */ = {isa = PBXFileReference; lastKnownFileType = file.storyboard; name = Base; path = Base.lproj/LaunchScreen.storyboard; sourceTree = "<group>"; };
		132378F526DAE61C002DDF30 /* Info.plist */ = {isa = PBXFileReference; lastKnownFileType = text.plist.xml; path = Info.plist; sourceTree = "<group>"; };
		132378FC26DAF4EB002DDF30 /* TableViewCell.swift */ = {isa = PBXFileReference; lastKnownFileType = sourcecode.swift; path = TableViewCell.swift; sourceTree = "<group>"; };
		132378FD26DAF4EB002DDF30 /* TableViewCell.xib */ = {isa = PBXFileReference; lastKnownFileType = file.xib; path = TableViewCell.xib; sourceTree = "<group>"; };
/* End PBXFileReference section */

/* Begin PBXFrameworksBuildPhase section */
		132378E126DAE618002DDF30 /* Frameworks */ = {
			isa = PBXFrameworksBuildPhase;
			buildActionMask = 2147483647;
			files = (
			);
			runOnlyForDeploymentPostprocessing = 0;
		};
/* End PBXFrameworksBuildPhase section */

/* Begin PBXGroup section */
		132378DB26DAE618002DDF30 = {
			isa = PBXGroup;
			children = (
				132378E626DAE618002DDF30 /* ListaDeContatos */,
				132378E526DAE618002DDF30 /* Products */,
			);
			sourceTree = "<group>";
		};
		132378E526DAE618002DDF30 /* Products */ = {
			isa = PBXGroup;
			children = (
				132378E426DAE618002DDF30 /* ListaDeContatos.app */,
			);
			name = Products;
			sourceTree = "<group>";
		};
		132378E626DAE618002DDF30 /* ListaDeContatos */ = {
			isa = PBXGroup;
			children = (
				132378FB26DAF3B8002DDF30 /* Cell */,
				132378E726DAE618002DDF30 /* AppDelegate.swift */,
				132378E926DAE618002DDF30 /* SceneDelegate.swift */,
				132378EB26DAE618002DDF30 /* ListaContatosViewController.swift */,
				132378ED26DAE618002DDF30 /* Main.storyboard */,
				132378F026DAE61C002DDF30 /* Assets.xcassets */,
				132378F226DAE61C002DDF30 /* LaunchScreen.storyboard */,
				132378F526DAE61C002DDF30 /* Info.plist */,
			);
			path = ListaDeContatos;
			sourceTree = "<group>";
		};
		132378FB26DAF3B8002DDF30 /* Cell */ = {
			isa = PBXGroup;
			children = (
				132378FC26DAF4EB002DDF30 /* TableViewCell.swift */,
				132378FD26DAF4EB002DDF30 /* TableViewCell.xib */,
			);
			path = Cell;
			sourceTree = "<group>";
		};
/* End PBXGroup section */

/* Begin PBXNativeTarget section */
		132378E326DAE618002DDF30 /* ListaDeContatos */ = {
			isa = PBXNativeTarget;
			buildConfigurationList = 132378F826DAE61C002DDF30 /* Build configuration list for PBXNativeTarget "ListaDeContatos" */;
			buildPhases = (
				132378E026DAE618002DDF30 /* Sources */,
				132378E126DAE618002DDF30 /* Frameworks */,
				132378E226DAE618002DDF30 /* Resources */,
			);
			buildRules = (
			);
			dependencies = (
			);
			name = ListaDeContatos;
			productName = ListaDeContatos;
			productReference = 132378E426DAE618002DDF30 /* ListaDeContatos.app */;
			productType = "com.apple.product-type.application";
		};
/* End PBXNativeTarget section */

/* Begin PBXProject section */
		132378DC26DAE618002DDF30 /* Project object */ = {
			isa = PBXProject;
			attributes = {
				LastSwiftUpdateCheck = 1250;
				LastUpgradeCheck = 1250;
				TargetAttributes = {
					132378E326DAE618002DDF30 = {
						CreatedOnToolsVersion = 12.5.1;
					};
				};
			};
			buildConfigurationList = 132378DF26DAE618002DDF30 /* Build configuration list for PBXProject "ListaDeContatos" */;
			compatibilityVersion = "Xcode 9.3";
			developmentRegion = en;
			hasScannedForEncodings = 0;
			knownRegions = (
				en,
				Base,
			);
			mainGroup = 132378DB26DAE618002DDF30;
			productRefGroup = 132378E526DAE618002DDF30 /* Products */;
			projectDirPath = "";
			projectRoot = "";
			targets = (
				132378E326DAE618002DDF30 /* ListaDeContatos */,
			);
		};
/* End PBXProject section */

/* Begin PBXResourcesBuildPhase section */
		132378E226DAE618002DDF30 /* Resources */ = {
			isa = PBXResourcesBuildPhase;
			buildActionMask = 2147483647;
			files = (
				132378F426DAE61C002DDF30 /* LaunchScreen.storyboard in Resources */,
				132378FF26DAF4EB002DDF30 /* TableViewCell.xib in Resources */,
				132378F126DAE61C002DDF30 /* Assets.xcassets in Resources */,
				132378EF26DAE618002DDF30 /* Main.storyboard in Resources */,
			);
			runOnlyForDeploymentPostprocessing = 0;
		};
/* End PBXResourcesBuildPhase section */

/* Begin PBXSourcesBuildPhase section */
		132378E026DAE618002DDF30 /* Sources */ = {
			isa = PBXSourcesBuildPhase;
			buildActionMask = 2147483647;
			files = (
				132378EC26DAE618002DDF30 /* ListaContatosViewController.swift in Sources */,
				132378FE26DAF4EB002DDF30 /* TableViewCell.swift in Sources */,
				132378E826DAE618002DDF30 /* AppDelegate.swift in Sources */,
				132378EA26DAE618002DDF30 /* SceneDelegate.swift in Sources */,
			);
			runOnlyForDeploymentPostprocessing = 0;
		};
/* End PBXSourcesBuildPhase section */

/* Begin PBXVariantGroup section */
		132378ED26DAE618002DDF30 /* Main.storyboard */ = {
			isa = PBXVariantGroup;
			children = (
				132378EE26DAE618002DDF30 /* Base */,
			);
			name = Main.storyboard;
			sourceTree = "<group>";
		};
		132378F226DAE61C002DDF30 /* LaunchScreen.storyboard */ = {
			isa = PBXVariantGroup;
			children = (
				132378F326DAE61C002DDF30 /* Base */,
			);
			name = LaunchScreen.storyboard;
			sourceTree = "<group>";
		};
/* End PBXVariantGroup section */

/* Begin XCBuildConfiguration section */
		132378F626DAE61C002DDF30 /* Debug */ = {
			isa = XCBuildConfiguration;
			buildSettings = {
				ALWAYS_SEARCH_USER_PATHS = NO;
				CLANG_ANALYZER_NONNULL = YES;
				CLANG_ANALYZER_NUMBER_OBJECT_CONVERSION = YES_AGGRESSIVE;
				CLANG_CXX_LANGUAGE_STANDARD = "gnu++14";
				CLANG_CXX_LIBRARY = "libc++";
				CLANG_ENABLE_MODULES = YES;
				CLANG_ENABLE_OBJC_ARC = YES;
				CLANG_ENABLE_OBJC_WEAK = YES;
				CLANG_WARN_BLOCK_CAPTURE_AUTORELEASING = YES;
				CLANG_WARN_BOOL_CONVERSION = YES;
				CLANG_WARN_COMMA = YES;
				CLANG_WARN_CONSTANT_CONVERSION = YES;
				CLANG_WARN_DEPRECATED_OBJC_IMPLEMENTATIONS = YES;
				CLANG_WARN_DIRECT_OBJC_ISA_USAGE = YES_ERROR;
				CLANG_WARN_DOCUMENTATION_COMMENTS = YES;
				CLANG_WARN_EMPTY_BODY = YES;
				CLANG_WARN_ENUM_CONVERSION = YES;
				CLANG_WARN_INFINITE_RECURSION = YES;
				CLANG_WARN_INT_CONVERSION = YES;
				CLANG_WARN_NON_LITERAL_NULL_CONVERSION = YES;
				CLANG_WARN_OBJC_IMPLICIT_RETAIN_SELF = YES;
				CLANG_WARN_OBJC_LITERAL_CONVERSION = YES;
				CLANG_WARN_OBJC_ROOT_CLASS = YES_ERROR;
				CLANG_WARN_QUOTED_INCLUDE_IN_FRAMEWORK_HEADER = YES;
				CLANG_WARN_RANGE_LOOP_ANALYSIS = YES;
				CLANG_WARN_STRICT_PROTOTYPES = YES;
				CLANG_WARN_SUSPICIOUS_MOVE = YES;
				CLANG_WARN_UNGUARDED_AVAILABILITY = YES_AGGRESSIVE;
				CLANG_WARN_UNREACHABLE_CODE = YES;
				CLANG_WARN__DUPLICATE_METHOD_MATCH = YES;
				COPY_PHASE_STRIP = NO;
				DEBUG_INFORMATION_FORMAT = dwarf;
				ENABLE_STRICT_OBJC_MSGSEND = YES;
				ENABLE_TESTABILITY = YES;
				GCC_C_LANGUAGE_STANDARD = gnu11;
				GCC_DYNAMIC_NO_PIC = NO;
				GCC_NO_COMMON_BLOCKS = YES;
				GCC_OPTIMIZATION_LEVEL = 0;
				GCC_PREPROCESSOR_DEFINITIONS = (
					"DEBUG=1",
					"$(inherited)",
				);
				GCC_WARN_64_TO_32_BIT_CONVERSION = YES;
				GCC_WARN_ABOUT_RETURN_TYPE = YES_ERROR;
				GCC_WARN_UNDECLARED_SELECTOR = YES;
				GCC_WARN_UNINITIALIZED_AUTOS = YES_AGGRESSIVE;
				GCC_WARN_UNUSED_FUNCTION = YES;
				GCC_WARN_UNUSED_VARIABLE = YES;
				IPHONEOS_DEPLOYMENT_TARGET = 14.5;
				MTL_ENABLE_DEBUG_INFO = INCLUDE_SOURCE;
				MTL_FAST_MATH = YES;
				ONLY_ACTIVE_ARCH = YES;
				SDKROOT = iphoneos;
				SWIFT_ACTIVE_COMPILATION_CONDITIONS = DEBUG;
				SWIFT_OPTIMIZATION_LEVEL = "-Onone";
			};
			name = Debug;
		};
		132378F726DAE61C002DDF30 /* Release */ = {
			isa = XCBuildConfiguration;
			buildSettings = {
				ALWAYS_SEARCH_USER_PATHS = NO;
				CLANG_ANALYZER_NONNULL = YES;
				CLANG_ANALYZER_NUMBER_OBJECT_CONVERSION = YES_AGGRESSIVE;
				CLANG_CXX_LANGUAGE_STANDARD = "gnu++14";
				CLANG_CXX_LIBRARY = "libc++";
				CLANG_ENABLE_MODULES = YES;
				CLANG_ENABLE_OBJC_ARC = YES;
				CLANG_ENABLE_OBJC_WEAK = YES;
				CLANG_WARN_BLOCK_CAPTURE_AUTORELEASING = YES;
				CLANG_WARN_BOOL_CONVERSION = YES;
				CLANG_WARN_COMMA = YES;
				CLANG_WARN_CONSTANT_CONVERSION = YES;
				CLANG_WARN_DEPRECATED_OBJC_IMPLEMENTATIONS = YES;
				CLANG_WARN_DIRECT_OBJC_ISA_USAGE = YES_ERROR;
				CLANG_WARN_DOCUMENTATION_COMMENTS = YES;
				CLANG_WARN_EMPTY_BODY = YES;
				CLANG_WARN_ENUM_CONVERSION = YES;
				CLANG_WARN_INFINITE_RECURSION = YES;
				CLANG_WARN_INT_CONVERSION = YES;
				CLANG_WARN_NON_LITERAL_NULL_CONVERSION = YES;
				CLANG_WARN_OBJC_IMPLICIT_RETAIN_SELF = YES;
				CLANG_WARN_OBJC_LITERAL_CONVERSION = YES;
				CLANG_WARN_OBJC_ROOT_CLASS = YES_ERROR;
				CLANG_WARN_QUOTED_INCLUDE_IN_FRAMEWORK_HEADER = YES;
				CLANG_WARN_RANGE_LOOP_ANALYSIS = YES;
				CLANG_WARN_STRICT_PROTOTYPES = YES;
				CLANG_WARN_SUSPICIOUS_MOVE = YES;
				CLANG_WARN_UNGUARDED_AVAILABILITY = YES_AGGRESSIVE;
				CLANG_WARN_UNREACHABLE_CODE = YES;
				CLANG_WARN__DUPLICATE_METHOD_MATCH = YES;
				COPY_PHASE_STRIP = NO;
				DEBUG_INFORMATION_FORMAT = "dwarf-with-dsym";
				ENABLE_NS_ASSERTIONS = NO;
				ENABLE_STRICT_OBJC_MSGSEND = YES;
				GCC_C_LANGUAGE_STANDARD = gnu11;
				GCC_NO_COMMON_BLOCKS = YES;
				GCC_WARN_64_TO_32_BIT_CONVERSION = YES;
				GCC_WARN_ABOUT_RETURN_TYPE = YES_ERROR;
				GCC_WARN_UNDECLARED_SELECTOR = YES;
				GCC_WARN_UNINITIALIZED_AUTOS = YES_AGGRESSIVE;
				GCC_WARN_UNUSED_FUNCTION = YES;
				GCC_WARN_UNUSED_VARIABLE = YES;
				IPHONEOS_DEPLOYMENT_TARGET = 14.5;
				MTL_ENABLE_DEBUG_INFO = NO;
				MTL_FAST_MATH = YES;
				SDKROOT = iphoneos;
				SWIFT_COMPILATION_MODE = wholemodule;
				SWIFT_OPTIMIZATION_LEVEL = "-O";
				VALIDATE_PRODUCT = YES;
			};
			name = Release;
		};
		132378F926DAE61C002DDF30 /* Debug */ = {
			isa = XCBuildConfiguration;
			buildSettings = {
				ASSETCATALOG_COMPILER_APPICON_NAME = AppIcon;
				ASSETCATALOG_COMPILER_GLOBAL_ACCENT_COLOR_NAME = AccentColor;
				CODE_SIGN_STYLE = Automatic;
				INFOPLIST_FILE = ListaDeContatos/Info.plist;
				LD_RUNPATH_SEARCH_PATHS = (
					"$(inherited)",
					"@executable_path/Frameworks",
				);
				PRODUCT_BUNDLE_IDENTIFIER = BackFront.ListaDeContatos;
				PRODUCT_NAME = "$(TARGET_NAME)";
				SWIFT_VERSION = 5.0;
				TARGETED_DEVICE_FAMILY = "1,2";
			};
			name = Debug;
		};
		132378FA26DAE61C002DDF30 /* Release */ = {
			isa = XCBuildConfiguration;
			buildSettings = {
				ASSETCATALOG_COMPILER_APPICON_NAME = AppIcon;
				ASSETCATALOG_COMPILER_GLOBAL_ACCENT_COLOR_NAME = AccentColor;
				CODE_SIGN_STYLE = Automatic;
				INFOPLIST_FILE = ListaDeContatos/Info.plist;
				LD_RUNPATH_SEARCH_PATHS = (
					"$(inherited)",
					"@executable_path/Frameworks",
				);
				PRODUCT_BUNDLE_IDENTIFIER = BackFront.ListaDeContatos;
				PRODUCT_NAME = "$(TARGET_NAME)";
				SWIFT_VERSION = 5.0;
				TARGETED_DEVICE_FAMILY = "1,2";
			};
			name = Release;
		};
/* End XCBuildConfiguration section */

/* Begin XCConfigurationList section */
		132378DF26DAE618002DDF30 /* Build configuration list for PBXProject "ListaDeContatos" */ = {
			isa = XCConfigurationList;
			buildConfigurations = (
				132378F626DAE61C002DDF30 /* Debug */,
				132378F726DAE61C002DDF30 /* Release */,
			);
			defaultConfigurationIsVisible = 0;
			defaultConfigurationName = Release;
		};
		132378F826DAE61C002DDF30 /* Build configuration list for PBXNativeTarget "ListaDeContatos" */ = {
			isa = XCConfigurationList;
			buildConfigurations = (
				132378F926DAE61C002DDF30 /* Debug */,
				132378FA26DAE61C002DDF30 /* Release */,
			);
			defaultConfigurationIsVisible = 0;
			defaultConfigurationName = Release;
		};
/* End XCConfigurationList section */
	};
	rootObject = 132378DC26DAE618002DDF30 /* Project object */;
}
